
Microsoft Visual Studio Solution File, Format Version 12.00
# Visual Studio Version 16
VisualStudioVersion = 16.0.31515.178
MinimumVisualStudioVersion = 10.0.40219.1
Project("{9A19103F-16F7-4668-BE54-9A1E7A4F7556}") = "Net5_Postgesql", "Net5_Postgesql.csproj", "{65F58B5E-5225-4246-AD91-417D8345B8AD}"
EndProject
Global
	GlobalSection(SolutionConfigurationPlatforms) = preSolution
		Debug|Any CPU = Debug|Any CPU
		Release|Any CPU = Release|Any CPU
	EndGlobalSection
	GlobalSection(ProjectConfigurationPlatforms) = postSolution
		{65F58B5E-5225-4246-AD91-417D8345B8AD}.Debug|Any CPU.ActiveCfg = Debug|Any CPU
		{65F58B5E-5225-4246-AD91-417D8345B8AD}.Debug|Any CPU.Build.0 = Debug|Any CPU
		{65F58B5E-5225-4246-AD91-417D8345B8AD}.Release|Any CPU.ActiveCfg = Release|Any CPU
		{65F58B5E-5225-4246-AD91-417D8345B8AD}.Release|Any CPU.Build.0 = Release|Any CPU
	EndGlobalSection
	GlobalSection(SolutionProperties) = preSolution
		HideSolutionNode = FALSE
	EndGlobalSection
	GlobalSection(ExtensibilityGlobals) = postSolution
		SolutionGuid = {55ED7BD7-D899-4870-8990-DF43643D61C0}
	EndGlobalSection
EndGlobal
